
Microsoft Visual Studio Solution File, Format Version 12.00
# Visual Studio Version 17
VisualStudioVersion = 17.7.34202.233
MinimumVisualStudioVersion = 10.0.40219.1
Project("{FAE04EC0-301F-11D3-BF4B-00C04F79EFBC}") = "2302C2WPFCRUD", "2302C2WPFCRUD\2302C2WPFCRUD.csproj", "{BBE0A00C-1EDD-4317-A0D7-040CFF1CF839}"
EndProject
Global
	GlobalSection(SolutionConfigurationPlatforms) = preSolution
		Debug|Any CPU = Debug|Any CPU
		Release|Any CPU = Release|Any CPU
	EndGlobalSection
	GlobalSection(ProjectConfigurationPlatforms) = postSolution
		{BBE0A00C-1EDD-4317-A0D7-040CFF1CF839}.Debug|Any CPU.ActiveCfg = Debug|Any CPU
		{BBE0A00C-1EDD-4317-A0D7-040CFF1CF839}.Debug|Any CPU.Build.0 = Debug|Any CPU
		{BBE0A00C-1EDD-4317-A0D7-040CFF1CF839}.Release|Any CPU.ActiveCfg = Release|Any CPU
		{BBE0A00C-1EDD-4317-A0D7-040CFF1CF839}.Release|Any CPU.Build.0 = Release|Any CPU
	EndGlobalSection
	GlobalSection(SolutionProperties) = preSolution
		HideSolutionNode = FALSE
	EndGlobalSection
	GlobalSection(ExtensibilityGlobals) = postSolution
		SolutionGuid = {8A3D13A1-EBAA-4247-B5C1-70E54EEAE3A6}
	EndGlobalSection
EndGlobal
